
Microsoft Visual Studio Solution File, Format Version 12.00
# Visual Studio Version 17
VisualStudioVersion = 17.8.34511.84
MinimumVisualStudioVersion = 10.0.40219.1
Project("{9A19103F-16F7-4668-BE54-9A1E7A4F7556}") = "Helper", "Helper\Helper.csproj", "{0A0B43CC-EC75-42CF-AFC2-5FB1285C17B9}"
EndProject
Project("{9A19103F-16F7-4668-BE54-9A1E7A4F7556}") = "DatabaseAnalyzer", "DatabaseAnalyzer\DatabaseAnalyzer.csproj", "{36798E15-04F6-4DF2-A74B-E40BA5DF816C}"
EndProject
Project("{9A19103F-16F7-4668-BE54-9A1E7A4F7556}") = "AskDB.App", "AskDB.App\AskDB.App.csproj", "{C828FF4B-7002-4C8A-BE72-A376F508FB6A}"
EndProject
Project("{FAE04EC0-301F-11D3-BF4B-00C04F79EFBC}") = "AskDB.Api", "AskDB.Api\AskDB.Api.csproj", "{484BB9C9-76D2-4E82-8B69-21394A38066A}"
EndProject
Project("{FAE04EC0-301F-11D3-BF4B-00C04F79EFBC}") = "Local Database", "Local Database\Local Database.csproj", "{16010E88-E424-464B-B6AF-7485933A056C}"
EndProject
Global
	GlobalSection(SolutionConfigurationPlatforms) = preSolution
		Debug|Any CPU = Debug|Any CPU
		Debug|ARM64 = Debug|ARM64
		Debug|x64 = Debug|x64
		Debug|x86 = Debug|x86
		Release|Any CPU = Release|Any CPU
		Release|ARM64 = Release|ARM64
		Release|x64 = Release|x64
		Release|x86 = Release|x86
	EndGlobalSection
	GlobalSection(ProjectConfigurationPlatforms) = postSolution
		{0A0B43CC-EC75-42CF-AFC2-5FB1285C17B9}.Debug|Any CPU.ActiveCfg = Debug|Any CPU
		{0A0B43CC-EC75-42CF-AFC2-5FB1285C17B9}.Debug|Any CPU.Build.0 = Debug|Any CPU
		{0A0B43CC-EC75-42CF-AFC2-5FB1285C17B9}.Debug|ARM64.ActiveCfg = Debug|Any CPU
		{0A0B43CC-EC75-42CF-AFC2-5FB1285C17B9}.Debug|ARM64.Build.0 = Debug|Any CPU
		{0A0B43CC-EC75-42CF-AFC2-5FB1285C17B9}.Debug|x64.ActiveCfg = Debug|Any CPU
		{0A0B43CC-EC75-42CF-AFC2-5FB1285C17B9}.Debug|x64.Build.0 = Debug|Any CPU
		{0A0B43CC-EC75-42CF-AFC2-5FB1285C17B9}.Debug|x86.ActiveCfg = Debug|Any CPU
		{0A0B43CC-EC75-42CF-AFC2-5FB1285C17B9}.Debug|x86.Build.0 = Debug|Any CPU
		{0A0B43CC-EC75-42CF-AFC2-5FB1285C17B9}.Release|Any CPU.ActiveCfg = Release|Any CPU
		{0A0B43CC-EC75-42CF-AFC2-5FB1285C17B9}.Release|Any CPU.Build.0 = Release|Any CPU
		{0A0B43CC-EC75-42CF-AFC2-5FB1285C17B9}.Release|ARM64.ActiveCfg = Release|Any CPU
		{0A0B43CC-EC75-42CF-AFC2-5FB1285C17B9}.Release|ARM64.Build.0 = Release|Any CPU
		{0A0B43CC-EC75-42CF-AFC2-5FB1285C17B9}.Release|x64.ActiveCfg = Release|Any CPU
		{0A0B43CC-EC75-42CF-AFC2-5FB1285C17B9}.Release|x64.Build.0 = Release|Any CPU
		{0A0B43CC-EC75-42CF-AFC2-5FB1285C17B9}.Release|x86.ActiveCfg = Release|Any CPU
		{0A0B43CC-EC75-42CF-AFC2-5FB1285C17B9}.Release|x86.Build.0 = Release|Any CPU
		{36798E15-04F6-4DF2-A74B-E40BA5DF816C}.Debug|Any CPU.ActiveCfg = Debug|Any CPU
		{36798E15-04F6-4DF2-A74B-E40BA5DF816C}.Debug|Any CPU.Build.0 = Debug|Any CPU
		{36798E15-04F6-4DF2-A74B-E40BA5DF816C}.Debug|ARM64.ActiveCfg = Debug|Any CPU
		{36798E15-04F6-4DF2-A74B-E40BA5DF816C}.Debug|ARM64.Build.0 = Debug|Any CPU
		{36798E15-04F6-4DF2-A74B-E40BA5DF816C}.Debug|x64.ActiveCfg = Debug|Any CPU
		{36798E15-04F6-4DF2-A74B-E40BA5DF816C}.Debug|x64.Build.0 = Debug|Any CPU
		{36798E15-04F6-4DF2-A74B-E40BA5DF816C}.Debug|x86.ActiveCfg = Debug|Any CPU
		{36798E15-04F6-4DF2-A74B-E40BA5DF816C}.Debug|x86.Build.0 = Debug|Any CPU
		{36798E15-04F6-4DF2-A74B-E40BA5DF816C}.Release|Any CPU.ActiveCfg = Release|Any CPU
		{36798E15-04F6-4DF2-A74B-E40BA5DF816C}.Release|Any CPU.Build.0 = Release|Any CPU
		{36798E15-04F6-4DF2-A74B-E40BA5DF816C}.Release|ARM64.ActiveCfg = Release|Any CPU
		{36798E15-04F6-4DF2-A74B-E40BA5DF816C}.Release|ARM64.Build.0 = Release|Any CPU
		{36798E15-04F6-4DF2-A74B-E40BA5DF816C}.Release|x64.ActiveCfg = Release|Any CPU
		{36798E15-04F6-4DF2-A74B-E40BA5DF816C}.Release|x64.Build.0 = Release|Any CPU
		{36798E15-04F6-4DF2-A74B-E40BA5DF816C}.Release|x86.ActiveCfg = Release|Any CPU
		{36798E15-04F6-4DF2-A74B-E40BA5DF816C}.Release|x86.Build.0 = Release|Any CPU
		{C828FF4B-7002-4C8A-BE72-A376F508FB6A}.Debug|Any CPU.ActiveCfg = Debug|x64
		{C828FF4B-7002-4C8A-BE72-A376F508FB6A}.Debug|Any CPU.Build.0 = Debug|x64
		{C828FF4B-7002-4C8A-BE72-A376F508FB6A}.Debug|Any CPU.Deploy.0 = Debug|x64
		{C828FF4B-7002-4C8A-BE72-A376F508FB6A}.Debug|ARM64.ActiveCfg = Debug|ARM64
		{C828FF4B-7002-4C8A-BE72-A376F508FB6A}.Debug|ARM64.Build.0 = Debug|ARM64
		{C828FF4B-7002-4C8A-BE72-A376F508FB6A}.Debug|ARM64.Deploy.0 = Debug|ARM64
		{C828FF4B-7002-4C8A-BE72-A376F508FB6A}.Debug|x64.ActiveCfg = Debug|x64
		{C828FF4B-7002-4C8A-BE72-A376F508FB6A}.Debug|x64.Build.0 = Debug|x64
		{C828FF4B-7002-4C8A-BE72-A376F508FB6A}.Debug|x64.Deploy.0 = Debug|x64
		{C828FF4B-7002-4C8A-BE72-A376F508FB6A}.Debug|x86.ActiveCfg = Debug|x86
		{C828FF4B-7002-4C8A-BE72-A376F508FB6A}.Debug|x86.Build.0 = Debug|x86
		{C828FF4B-7002-4C8A-BE72-A376F508FB6A}.Debug|x86.Deploy.0 = Debug|x86
		{C828FF4B-7002-4C8A-BE72-A376F508FB6A}.Release|Any CPU.ActiveCfg = Release|x64
		{C828FF4B-7002-4C8A-BE72-A376F508FB6A}.Release|Any CPU.Build.0 = Release|x64
		{C828FF4B-7002-4C8A-BE72-A376F508FB6A}.Release|Any CPU.Deploy.0 = Release|x64
		{C828FF4B-7002-4C8A-BE72-A376F508FB6A}.Release|ARM64.ActiveCfg = Release|ARM64
		{C828FF4B-7002-4C8A-BE72-A376F508FB6A}.Release|ARM64.Build.0 = Release|ARM64
		{C828FF4B-7002-4C8A-BE72-A376F508FB6A}.Release|ARM64.Deploy.0 = Release|ARM64
		{C828FF4B-7002-4C8A-BE72-A376F508FB6A}.Release|x64.ActiveCfg = Release|x64
		{C828FF4B-7002-4C8A-BE72-A376F508FB6A}.Release|x64.Build.0 = Release|x64
		{C828FF4B-7002-4C8A-BE72-A376F508FB6A}.Release|x64.Deploy.0 = Release|x64
		{C828FF4B-7002-4C8A-BE72-A376F508FB6A}.Release|x86.ActiveCfg = Release|x86
		{C828FF4B-7002-4C8A-BE72-A376F508FB6A}.Release|x86.Build.0 = Release|x86
		{C828FF4B-7002-4C8A-BE72-A376F508FB6A}.Release|x86.Deploy.0 = Release|x86
		{484BB9C9-76D2-4E82-8B69-21394A38066A}.Debug|Any CPU.ActiveCfg = Debug|Any CPU
		{484BB9C9-76D2-4E82-8B69-21394A38066A}.Debug|Any CPU.Build.0 = Debug|Any CPU
		{484BB9C9-76D2-4E82-8B69-21394A38066A}.Debug|ARM64.ActiveCfg = Debug|Any CPU
		{484BB9C9-76D2-4E82-8B69-21394A38066A}.Debug|ARM64.Build.0 = Debug|Any CPU
		{484BB9C9-76D2-4E82-8B69-21394A38066A}.Debug|x64.ActiveCfg = Debug|Any CPU
		{484BB9C9-76D2-4E82-8B69-21394A38066A}.Debug|x64.Build.0 = Debug|Any CPU
		{484BB9C9-76D2-4E82-8B69-21394A38066A}.Debug|x86.ActiveCfg = Debug|Any CPU
		{484BB9C9-76D2-4E82-8B69-21394A38066A}.Debug|x86.Build.0 = Debug|Any CPU
		{484BB9C9-76D2-4E82-8B69-21394A38066A}.Release|Any CPU.ActiveCfg = Release|Any CPU
		{484BB9C9-76D2-4E82-8B69-21394A38066A}.Release|Any CPU.Build.0 = Release|Any CPU
		{484BB9C9-76D2-4E82-8B69-21394A38066A}.Release|ARM64.ActiveCfg = Release|Any CPU
		{484BB9C9-76D2-4E82-8B69-21394A38066A}.Release|ARM64.Build.0 = Release|Any CPU
		{484BB9C9-76D2-4E82-8B69-21394A38066A}.Release|x64.ActiveCfg = Release|Any CPU
		{484BB9C9-76D2-4E82-8B69-21394A38066A}.Release|x64.Build.0 = Release|Any CPU
		{484BB9C9-76D2-4E82-8B69-21394A38066A}.Release|x86.ActiveCfg = Release|Any CPU
		{484BB9C9-76D2-4E82-8B69-21394A38066A}.Release|x86.Build.0 = Release|Any CPU
		{16010E88-E424-464B-B6AF-7485933A056C}.Debug|Any CPU.ActiveCfg = Debug|Any CPU
		{16010E88-E424-464B-B6AF-7485933A056C}.Debug|Any CPU.Build.0 = Debug|Any CPU
		{16010E88-E424-464B-B6AF-7485933A056C}.Debug|ARM64.ActiveCfg = Debug|Any CPU
		{16010E88-E424-464B-B6AF-7485933A056C}.Debug|ARM64.Build.0 = Debug|Any CPU
		{16010E88-E424-464B-B6AF-7485933A056C}.Debug|x64.ActiveCfg = Debug|Any CPU
		{16010E88-E424-464B-B6AF-7485933A056C}.Debug|x64.Build.0 = Debug|Any CPU
		{16010E88-E424-464B-B6AF-7485933A056C}.Debug|x86.ActiveCfg = Debug|Any CPU
		{16010E88-E424-464B-B6AF-7485933A056C}.Debug|x86.Build.0 = Debug|Any CPU
		{16010E88-E424-464B-B6AF-7485933A056C}.Release|Any CPU.ActiveCfg = Release|Any CPU
		{16010E88-E424-464B-B6AF-7485933A056C}.Release|Any CPU.Build.0 = Release|Any CPU
		{16010E88-E424-464B-B6AF-7485933A056C}.Release|ARM64.ActiveCfg = Release|Any CPU
		{16010E88-E424-464B-B6AF-7485933A056C}.Release|ARM64.Build.0 = Release|Any CPU
		{16010E88-E424-464B-B6AF-7485933A056C}.Release|x64.ActiveCfg = Release|Any CPU
		{16010E88-E424-464B-B6AF-7485933A056C}.Release|x64.Build.0 = Release|Any CPU
		{16010E88-E424-464B-B6AF-7485933A056C}.Release|x86.ActiveCfg = Release|Any CPU
		{16010E88-E424-464B-B6AF-7485933A056C}.Release|x86.Build.0 = Release|Any CPU
	EndGlobalSection
	GlobalSection(SolutionProperties) = preSolution
		HideSolutionNode = FALSE
	EndGlobalSection
	GlobalSection(ExtensibilityGlobals) = postSolution
		SolutionGuid = {541EC500-8512-4A70-A2EA-DAB55EAB9622}
	EndGlobalSection
EndGlobal
