
Microsoft Visual Studio Solution File, Format Version 12.00
# Visual Studio Version 17
VisualStudioVersion = 17.8.34511.84
MinimumVisualStudioVersion = 10.0.40219.1
Project("{FAE04EC0-301F-11D3-BF4B-00C04F79EFBC}") = "AskDB", "AskDB\AskDB.csproj", "{9CBDAA1A-CDD4-46F8-BBA9-3FD5D3836BD8}"
EndProject
Project("{FAE04EC0-301F-11D3-BF4B-00C04F79EFBC}") = "Gemini API Helper", "Gemini API Helper\Gemini API Helper.csproj", "{ED1BA258-4CAF-4B7F-AC21-A1481B64298B}"
EndProject
Project("{FAE04EC0-301F-11D3-BF4B-00C04F79EFBC}") = "Functions", "Functions\Functions.csproj", "{6B34B840-E096-4FCE-B86C-430904F777C2}"
EndProject
Global
	GlobalSection(SolutionConfigurationPlatforms) = preSolution
		Debug|Any CPU = Debug|Any CPU
		Release|Any CPU = Release|Any CPU
	EndGlobalSection
	GlobalSection(ProjectConfigurationPlatforms) = postSolution
		{9CBDAA1A-CDD4-46F8-BBA9-3FD5D3836BD8}.Debug|Any CPU.ActiveCfg = Debug|Any CPU
		{9CBDAA1A-CDD4-46F8-BBA9-3FD5D3836BD8}.Debug|Any CPU.Build.0 = Debug|Any CPU
		{9CBDAA1A-CDD4-46F8-BBA9-3FD5D3836BD8}.Release|Any CPU.ActiveCfg = Release|Any CPU
		{9CBDAA1A-CDD4-46F8-BBA9-3FD5D3836BD8}.Release|Any CPU.Build.0 = Release|Any CPU
		{ED1BA258-4CAF-4B7F-AC21-A1481B64298B}.Debug|Any CPU.ActiveCfg = Debug|Any CPU
		{ED1BA258-4CAF-4B7F-AC21-A1481B64298B}.Debug|Any CPU.Build.0 = Debug|Any CPU
		{ED1BA258-4CAF-4B7F-AC21-A1481B64298B}.Release|Any CPU.ActiveCfg = Release|Any CPU
		{ED1BA258-4CAF-4B7F-AC21-A1481B64298B}.Release|Any CPU.Build.0 = Release|Any CPU
		{6B34B840-E096-4FCE-B86C-430904F777C2}.Debug|Any CPU.ActiveCfg = Debug|Any CPU
		{6B34B840-E096-4FCE-B86C-430904F777C2}.Debug|Any CPU.Build.0 = Debug|Any CPU
		{6B34B840-E096-4FCE-B86C-430904F777C2}.Release|Any CPU.ActiveCfg = Release|Any CPU
		{6B34B840-E096-4FCE-B86C-430904F777C2}.Release|Any CPU.Build.0 = Release|Any CPU
	EndGlobalSection
	GlobalSection(SolutionProperties) = preSolution
		HideSolutionNode = FALSE
	EndGlobalSection
	GlobalSection(ExtensibilityGlobals) = postSolution
		SolutionGuid = {541EC500-8512-4A70-A2EA-DAB55EAB9622}
	EndGlobalSection
EndGlobal
